#MicroXplorer XML data file
#Fri Jul 14 10:14:15 EET 2023
#Save source file version: 1.3.0
#Saved by non-interactive mode.
ADC1.IN0=PA0
ADC1.State=ADC1_IN0
GPD.HSEOscillator=HSE_BYPASS
GPD.LSEOscillator=LSE_BYPASS
GPD.Mode=GPIO_ANALOG
GPD.Pin_PA0=GPIO_ANALOG
GPD.Pin_PA5=TIM2_CH1
GPD.Pin_PC13=GPIO_Output
GGPD.Pin_PC14=GPIO_Output
GPD.SYS_CLK_Source=PLL_HSE
GPD.SYS_CLK_Source_HSE=8000000
GPD.SYS_CLK_Source_PLL_HSE_MUL=9
GPD.SYS_CLK_Source_PLL_HSE_PREDIV=1
GPD.Timers_TIM2_Aside=TIM2_CH1
GPD.Timers_TIM2_Mode=TIM2_PWM_CH1
GPD.VP_ADC1.IN0=PA0
GPD.VP_PC13=GPIO_Output
GPD.VP_PC14=GPIO_Output
GPD.VP_TIM2_CH1=PA5
GPD.vrefbuf_mode=VREFBUF_MODE_DISABLE
IP.ADC1=activated
IP.CORTEX_M3=activated
IP.NVIC=activated
IP.RCC=activated
IP.SYS=activated
IP.TIM2=activated
IP.GPIO=activated
L0.ADC1.IN0=PA0
L0.ADC1.State=ADC1_IN0
L0.GPD.HSEOscillator=HSE_BYPASS
L0.GPD.LSEOscillator=LSE_BYPASS
L0.GPD.Mode=GPIO_ANALOG
L0.GPD.Pin_PA0=GPIO_ANALOG
L0.GPD.Pin_PA5=TIM2_CH1
L0.GPD.Pin_PC13=GPIO_Output
L0.GPD.Pin_PC14=GPIO_Output
L0.GPD.SYS_CLK_Source=PLL_HSE
L0.GPD.SYS_CLK_Source_HSE=8000000
L0.GPD.SYS_CLK_Source_PLL_HSE_MUL=9
L0.GPD.SYS_CLK_Source_PLL_HSE_PREDIV=1
L0.GPD.Timers_TIM2_Aside=TIM2_CH1
L0.GPD.Timers_TIM2_Mode=TIM2_PWM_CH1
L0.GPD.VP_ADC1.IN0=PA0
L0.GPD.VP_PC13=GPIO_Output
L0.GPD.VP_PC14=GPIO_Output
L0.GPD.VP_TIM2_CH1=PA5
L0.GPD.vrefbuf_mode=VREFBUF_MODE_DISABLE
L0.IP.ADC1=activated
L0.IP.CORTEX_M3=activated
L0.IP.NVIC=activated
L0.IP.RCC=activated
L0.IP.SYS=activated
L0.IP.TIM2=activated
L0.IP.GPIO=activated
L0.NVIC.SysTick_IRQn=true\:0\:0\:false\:false\:true\:false\:false
L0.PA0.Mode=ADC1_IN0
L0.PA0.Signal=ADC1_IN0
L0.PA5.Mode=TIM2_CH1
L0.PA5.Signal=TIM2_CH1
L0.PC13.Mode=GPIO_Output
L0.PC13.Signal=GPIO_Output
L0.PC14.Mode=GPIO_Output
L0.PC14.Signal=GPIO_Output
L0.RCC.ADCCLK=6
L0.RCC.AHBCLK=72
L0.RCC.APB1CLK=36
L0.RCC.APB2CLK=72
L0.RCC.HSEState=HSE_BYPASS
L0.RCC.HCLK=72
L0.RCC.LSEState=LSE_BYPASS
L0.RCC.PCLK1=36
L0.RCC.PCLK2=72
L0.RCC.PLLCLK=72
L0.RCC.PLLMUL=9
L0.RCC.PLLSOURCE=HSE_PREDIV
L0.RCC.SYSCLK=72
L0.RCC.SYSCLKSource=PLLCLK
L0.TIM2.APB1CLK=36
L0.TIM2.AutoReloadPreload=TIM_AUTORELOAD_PRELOAD_DISABLE
L0.TIM2.CH1_type=TIM_PWM_CH1
L0.TIM2.ClockDivision=TIM_CLOCKDIVISION_DIV1
L0.TIM2.CounterMode=TIM_COUNTERMODE_UP
L0.TIM2.OC1FastMode=TIM_OCFAST_DISABLE
L0.TIM2.OC1Mode=TIM_OCMODE_PWM1
L0.TIM2.OC1Polarity=TIM_OCPOLARITY_HIGH
L0.TIM2.Period=999
L0.TIM2.Prescaler=71
L0.TIM2.TIMCLK=72
L0.TIM2.TimerChannel1=TIM_PWM_CH1
L0.TIM2.TriggerOutput=TIM_TRGO_RESET
L0.ADC1.AdcClockSelection=RCC_ADCPCLK2_DIV6
L0.ADC1.ClockPrescaler=ADC_CLOCK_SYNC_PCLK_DIV6
L0.ADC1.ContinuousConvMode=DISABLE
L0.ADC1.DataAlign=ADC_DATAALIGN_RIGHT
LgGPD.VP_ADC1.IN0=PA0
LgGPD.VP_PC13=GPIO_Output
LgGPD.VP_PC14=GPIO_Output
LgGPD.VP_TIM2_CH1=PA5
LgGPD.vrefbuf_mode=VREFBUF_MODE_DISABLE
NVIC.SysTick_IRQn=true\:0\:0\:false\:false\:true\:false\:false
PA0.Mode=ADC1_IN0
PA0.Signal=ADC1_IN0
PA5.Mode=TIM2_CH1
PA5.Signal=TIM2_CH1
PC13.Mode=GPIO_Output
PC13.Signal=GPIO_Output
PC14.Mode=GPIO_Output
PC14.Signal=GPIO_Output
PCC.Checker=false
PCC.Line=12
PCC.MCU=STM32F103C6Tx
PCC.PartNumber=STM32F103C6Tx
PCC.Solution=STM32F103C6Tx
PCC.Temperature=25
PCC.Vdd=3.3
PIN.PA0=ADC1_IN0
PIN.PA5=TIM2_CH1
PIN.PC13=GPIO_Output
PIN.PC14=GPIO_Output
Pinout.ADC1.IN0=PA0
Pinout.PC13=PC13
Pinout.PC14=PC14
Pinout.TIM2.CH1=PA5
RCC.ADCCLK=6
RCC.AHBCLK=72
RCC.APB1CLK=36
RCC.APB2CLK=72
RCC.HSEState=HSE_BYPASS
RCC.HCLK=72
RCC.LSEState=LSE_BYPASS
RCC.PCLK1=36
RCC.PCLK2=72
RCC.PLLCLK=72
RCC.PLLMUL=9
RCC.PLLSOURCE=HSE_PREDIV
RCC.SYSCLK=72
RCC.SYSCLKSource=PLLCLK
TIM2.APB1CLK=36
TIM2.AutoReloadPreload=TIM_AUTORELOAD_PRELOAD_DISABLE
TIM2.CH1_type=TIM_PWM_CH1
TIM2.ClockDivision=TIM_CLOCKDIVISION_DIV1
TIM2.CounterMode=TIM_COUNTERMODE_UP
TIM2.OC1FastMode=TIM_OCFAST_DISABLE
TIM2.OC1Mode=TIM_OCMODE_PWM1
TIM2.OC1Polarity=TIM_OCPOLARITY_HIGH
TIM2.Period=999
TIM2.Prescaler=71
TIM2.TIMCLK=72
TIM2.TimerChannel1=TIM_PWM_CH1
TIM2.TriggerOutput=TIM_TRGO_RESET
ADC1.AdcClockSelection=RCC_ADCPCLK2_DIV6
ADC1.ClockPrescaler=ADC_CLOCK_SYNC_PCLK_DIV6
ADC1.ContinuousConvMode=DISABLE
ADC1.DataAlign=ADC_DATAALIGN_RIGHT
ADC1.DiscontinuousConvMode=DISABLE
ADC1.ExternalTrigConv=ADC_SOFTWARE_START
ADC1.NbrOfConversion=1
ADC1.Resolution=ADC_RESOLUTION_12B
ADC1.ScanConvMode=ADC_SCAN_DISABLE
ADC1.regular_Rank1_Channel=ADC_CHANNEL_0
ADC1.regular_Rank1_SamplingTime=ADC_SAMPLETIME_1CYCLE_5
ADC1.regular_Rank1_SingleDiff=ADC_SINGLE_ENDED
 board=NUCLEO-F103RB
